// !$*UTF8*$!
{
	archiveVersion = 1;
	classes = {
	};
	objectVersion = 55;
	objects = {

/* Begin PBXBuildFile section */
		035BC91628F511700059B98F /* AppDelegate.swift in Sources */ = {isa = PBXBuildFile; fileRef = 035BC91528F511700059B98F /* AppDelegate.swift */; };
		035BC91828F511700059B98F /* SceneDelegate.swift in Sources */ = {isa = PBXBuildFile; fileRef = 035BC91728F511700059B98F /* SceneDelegate.swift */; };
		035BC91D28F511700059B98F /* Main.storyboard in Resources */ = {isa = PBXBuildFile; fileRef = 035BC91B28F511700059B98F /* Main.storyboard */; };
		035BC91F28F511740059B98F /* Assets.xcassets in Resources */ = {isa = PBXBuildFile; fileRef = 035BC91E28F511740059B98F /* Assets.xcassets */; };
		035BC92228F511740059B98F /* LaunchScreen.storyboard in Resources */ = {isa = PBXBuildFile; fileRef = 035BC92028F511740059B98F /* LaunchScreen.storyboard */; };
		035BC92D28F511740059B98F /* InstagramTests.swift in Sources */ = {isa = PBXBuildFile; fileRef = 035BC92C28F511740059B98F /* InstagramTests.swift */; };
		035BC93728F511740059B98F /* InstagramUITests.swift in Sources */ = {isa = PBXBuildFile; fileRef = 035BC93628F511740059B98F /* InstagramUITests.swift */; };
		035BC93928F511740059B98F /* InstagramUITestsLaunchTests.swift in Sources */ = {isa = PBXBuildFile; fileRef = 035BC93828F511740059B98F /* InstagramUITestsLaunchTests.swift */; };
		035BC94628F5189C0059B98F /* LoginViewController.swift in Sources */ = {isa = PBXBuildFile; fileRef = 035BC94528F5189C0059B98F /* LoginViewController.swift */; };
		035BC94828F518B40059B98F /* FeedViewController.swift in Sources */ = {isa = PBXBuildFile; fileRef = 035BC94728F518B40059B98F /* FeedViewController.swift */; };
		035BC94B28F5CB0D0059B98F /* CameraViewController.swift in Sources */ = {isa = PBXBuildFile; fileRef = 035BC94A28F5CB0D0059B98F /* CameraViewController.swift */; };
		035BC94F28F5D9110059B98F /* PostCell.swift in Sources */ = {isa = PBXBuildFile; fileRef = 035BC94E28F5D9110059B98F /* PostCell.swift */; };
		03FD2A6B28FB13B400C320D3 /* CommentCell.swift in Sources */ = {isa = PBXBuildFile; fileRef = 03FD2A6A28FB13B400C320D3 /* CommentCell.swift */; };
		0D318E13CF2DB9A555608DFF /* Pods_InstagramTests.framework in Frameworks */ = {isa = PBXBuildFile; fileRef = 16E15C70EE6ADD5F5BAFC56E /* Pods_InstagramTests.framework */; };
		3A9EA72E64CF83EE2CB6E9D9 /* Pods_Instagram.framework in Frameworks */ = {isa = PBXBuildFile; fileRef = F1AD2152F66C69667146DC14 /* Pods_Instagram.framework */; };
		D0FCCD5E234CAA933A3DE847 /* Pods_Instagram_InstagramUITests.framework in Frameworks */ = {isa = PBXBuildFile; fileRef = 6E5DC25C8D37425F6D6FC9DB /* Pods_Instagram_InstagramUITests.framework */; };
/* End PBXBuildFile section */

/* Begin PBXContainerItemProxy section */
		035BC92928F511740059B98F /* PBXContainerItemProxy */ = {
			isa = PBXContainerItemProxy;
			containerPortal = 035BC90A28F511700059B98F /* Project object */;
			proxyType = 1;
			remoteGlobalIDString = 035BC91128F511700059B98F;
			remoteInfo = Instagram;
		};
		035BC93328F511740059B98F /* PBXContainerItemProxy */ = {
			isa = PBXContainerItemProxy;
			containerPortal = 035BC90A28F511700059B98F /* Project object */;
			proxyType = 1;
			remoteGlobalIDString = 035BC91128F511700059B98F;
			remoteInfo = Instagram;
		};
/* End PBXContainerItemProxy section */

/* Begin PBXFileReference section */
		035BC91228F511700059B98F /* Instagram.app */ = {isa = PBXFileReference; explicitFileType = wrapper.application; includeInIndex = 0; path = Instagram.app; sourceTree = BUILT_PRODUCTS_DIR; };
		035BC91528F511700059B98F /* AppDelegate.swift */ = {isa = PBXFileReference; lastKnownFileType = sourcecode.swift; path = AppDelegate.swift; sourceTree = "<group>"; };
		035BC91728F511700059B98F /* SceneDelegate.swift */ = {isa = PBXFileReference; lastKnownFileType = sourcecode.swift; path = SceneDelegate.swift; sourceTree = "<group>"; };
		035BC91C28F511700059B98F /* Base */ = {isa = PBXFileReference; lastKnownFileType = file.storyboard; name = Base; path = Base.lproj/Main.storyboard; sourceTree = "<group>"; };
		035BC91E28F511740059B98F /* Assets.xcassets */ = {isa = PBXFileReference; lastKnownFileType = folder.assetcatalog; path = Assets.xcassets; sourceTree = "<group>"; };
		035BC92128F511740059B98F /* Base */ = {isa = PBXFileReference; lastKnownFileType = file.storyboard; name = Base; path = Base.lproj/LaunchScreen.storyboard; sourceTree = "<group>"; };
		035BC92328F511740059B98F /* Info.plist */ = {isa = PBXFileReference; lastKnownFileType = text.plist.xml; path = Info.plist; sourceTree = "<group>"; };
		035BC92828F511740059B98F /* InstagramTests.xctest */ = {isa = PBXFileReference; explicitFileType = wrapper.cfbundle; includeInIndex = 0; path = InstagramTests.xctest; sourceTree = BUILT_PRODUCTS_DIR; };
		035BC92C28F511740059B98F /* InstagramTests.swift */ = {isa = PBXFileReference; lastKnownFileType = sourcecode.swift; path = InstagramTests.swift; sourceTree = "<group>"; };
		035BC93228F511740059B98F /* InstagramUITests.xctest */ = {isa = PBXFileReference; explicitFileType = wrapper.cfbundle; includeInIndex = 0; path = InstagramUITests.xctest; sourceTree = BUILT_PRODUCTS_DIR; };
		035BC93628F511740059B98F /* InstagramUITests.swift */ = {isa = PBXFileReference; lastKnownFileType = sourcecode.swift; path = InstagramUITests.swift; sourceTree = "<group>"; };
		035BC93828F511740059B98F /* InstagramUITestsLaunchTests.swift */ = {isa = PBXFileReference; lastKnownFileType = sourcecode.swift; path = InstagramUITestsLaunchTests.swift; sourceTree = "<group>"; };
		035BC94528F5189C0059B98F /* LoginViewController.swift */ = {isa = PBXFileReference; lastKnownFileType = sourcecode.swift; path = LoginViewController.swift; sourceTree = "<group>"; };
		035BC94728F518B40059B98F /* FeedViewController.swift */ = {isa = PBXFileReference; lastKnownFileType = sourcecode.swift; path = FeedViewController.swift; sourceTree = "<group>"; };
		035BC94A28F5CB0D0059B98F /* CameraViewController.swift */ = {isa = PBXFileReference; lastKnownFileType = sourcecode.swift; path = CameraViewController.swift; sourceTree = "<group>"; };
		035BC94E28F5D9110059B98F /* PostCell.swift */ = {isa = PBXFileReference; lastKnownFileType = sourcecode.swift; path = PostCell.swift; sourceTree = "<group>"; };
		03FD2A6A28FB13B400C320D3 /* CommentCell.swift */ = {isa = PBXFileReference; lastKnownFileType = sourcecode.swift; path = CommentCell.swift; sourceTree = "<group>"; };
		04DB535840E0877125F6A16E /* Pods-InstagramTests.release.xcconfig */ = {isa = PBXFileReference; includeInIndex = 1; lastKnownFileType = text.xcconfig; name = "Pods-InstagramTests.release.xcconfig"; path = "Target Support Files/Pods-InstagramTests/Pods-InstagramTests.release.xcconfig"; sourceTree = "<group>"; };
		16E15C70EE6ADD5F5BAFC56E /* Pods_InstagramTests.framework */ = {isa = PBXFileReference; explicitFileType = wrapper.framework; includeInIndex = 0; path = Pods_InstagramTests.framework; sourceTree = BUILT_PRODUCTS_DIR; };
		634A3D4C878887E50189E79F /* Pods-InstagramTests.debug.xcconfig */ = {isa = PBXFileReference; includeInIndex = 1; lastKnownFileType = text.xcconfig; name = "Pods-InstagramTests.debug.xcconfig"; path = "Target Support Files/Pods-InstagramTests/Pods-InstagramTests.debug.xcconfig"; sourceTree = "<group>"; };
		6E5DC25C8D37425F6D6FC9DB /* Pods_Instagram_InstagramUITests.framework */ = {isa = PBXFileReference; explicitFileType = wrapper.framework; includeInIndex = 0; path = Pods_Instagram_InstagramUITests.framework; sourceTree = BUILT_PRODUCTS_DIR; };
		8E8C4F21E666D4154F9CBDD9 /* Pods-Instagram.release.xcconfig */ = {isa = PBXFileReference; includeInIndex = 1; lastKnownFileType = text.xcconfig; name = "Pods-Instagram.release.xcconfig"; path = "Target Support Files/Pods-Instagram/Pods-Instagram.release.xcconfig"; sourceTree = "<group>"; };
		93244467006DC4515ADCAD0B /* Pods-Instagram.debug.xcconfig */ = {isa = PBXFileReference; includeInIndex = 1; lastKnownFileType = text.xcconfig; name = "Pods-Instagram.debug.xcconfig"; path = "Target Support Files/Pods-Instagram/Pods-Instagram.debug.xcconfig"; sourceTree = "<group>"; };
		DE6CC5D093D95D2C7C20432B /* Pods-Instagram-InstagramUITests.debug.xcconfig */ = {isa = PBXFileReference; includeInIndex = 1; lastKnownFileType = text.xcconfig; name = "Pods-Instagram-InstagramUITests.debug.xcconfig"; path = "Target Support Files/Pods-Instagram-InstagramUITests/Pods-Instagram-InstagramUITests.debug.xcconfig"; sourceTree = "<group>"; };
		F1AD2152F66C69667146DC14 /* Pods_Instagram.framework */ = {isa = PBXFileReference; explicitFileType = wrapper.framework; includeInIndex = 0; path = Pods_Instagram.framework; sourceTree = BUILT_PRODUCTS_DIR; };
		FAE2889C8A8DD4A927015B2E /* Pods-Instagram-InstagramUITests.release.xcconfig */ = {isa = PBXFileReference; includeInIndex = 1; lastKnownFileType = text.xcconfig; name = "Pods-Instagram-InstagramUITests.release.xcconfig"; path = "Target Support Files/Pods-Instagram-InstagramUITests/Pods-Instagram-InstagramUITests.release.xcconfig"; sourceTree = "<group>"; };
/* End PBXFileReference section */

/* Begin PBXFrameworksBuildPhase section */
		035BC90F28F511700059B98F /* Frameworks */ = {
			isa = PBXFrameworksBuildPhase;
			buildActionMask = 2147483647;
			files = (
				3A9EA72E64CF83EE2CB6E9D9 /* Pods_Instagram.framework in Frameworks */,
			);
			runOnlyForDeploymentPostprocessing = 0;
		};
		035BC92528F511740059B98F /* Frameworks */ = {
			isa = PBXFrameworksBuildPhase;
			buildActionMask = 2147483647;
			files = (
				0D318E13CF2DB9A555608DFF /* Pods_InstagramTests.framework in Frameworks */,
			);
			runOnlyForDeploymentPostprocessing = 0;
		};
		035BC92F28F511740059B98F /* Frameworks */ = {
			isa = PBXFrameworksBuildPhase;
			buildActionMask = 2147483647;
			files = (
				D0FCCD5E234CAA933A3DE847 /* Pods_Instagram_InstagramUITests.framework in Frameworks */,
			);
			runOnlyForDeploymentPostprocessing = 0;
		};
/* End PBXFrameworksBuildPhase section */

/* Begin PBXGroup section */
		035BC90928F511700059B98F = {
			isa = PBXGroup;
			children = (
				035BC91428F511700059B98F /* Instagram */,
				035BC92B28F511740059B98F /* InstagramTests */,
				035BC93528F511740059B98F /* InstagramUITests */,
				035BC91328F511700059B98F /* Products */,
				A8E8DF7DFEACE66A4BC231C8 /* Pods */,
				CF6C0FB100BD425CD72422B2 /* Frameworks */,
			);
			sourceTree = "<group>";
		};
		035BC91328F511700059B98F /* Products */ = {
			isa = PBXGroup;
			children = (
				035BC91228F511700059B98F /* Instagram.app */,
				035BC92828F511740059B98F /* InstagramTests.xctest */,
				035BC93228F511740059B98F /* InstagramUITests.xctest */,
			);
			name = Products;
			sourceTree = "<group>";
		};
		035BC91428F511700059B98F /* Instagram */ = {
			isa = PBXGroup;
			children = (
				035BC91528F511700059B98F /* AppDelegate.swift */,
				035BC91728F511700059B98F /* SceneDelegate.swift */,
				035BC91B28F511700059B98F /* Main.storyboard */,
				03FD2A6A28FB13B400C320D3 /* CommentCell.swift */,
				035BC94E28F5D9110059B98F /* PostCell.swift */,
				035BC94A28F5CB0D0059B98F /* CameraViewController.swift */,
				035BC94528F5189C0059B98F /* LoginViewController.swift */,
				035BC94728F518B40059B98F /* FeedViewController.swift */,
				035BC91E28F511740059B98F /* Assets.xcassets */,
				035BC92028F511740059B98F /* LaunchScreen.storyboard */,
				035BC92328F511740059B98F /* Info.plist */,
			);
			path = Instagram;
			sourceTree = "<group>";
		};
		035BC92B28F511740059B98F /* InstagramTests */ = {
			isa = PBXGroup;
			children = (
				035BC92C28F511740059B98F /* InstagramTests.swift */,
			);
			path = InstagramTests;
			sourceTree = "<group>";
		};
		035BC93528F511740059B98F /* InstagramUITests */ = {
			isa = PBXGroup;
			children = (
				035BC93628F511740059B98F /* InstagramUITests.swift */,
				035BC93828F511740059B98F /* InstagramUITestsLaunchTests.swift */,
			);
			path = InstagramUITests;
			sourceTree = "<group>";
		};
		A8E8DF7DFEACE66A4BC231C8 /* Pods */ = {
			isa = PBXGroup;
			children = (
				93244467006DC4515ADCAD0B /* Pods-Instagram.debug.xcconfig */,
				8E8C4F21E666D4154F9CBDD9 /* Pods-Instagram.release.xcconfig */,
				DE6CC5D093D95D2C7C20432B /* Pods-Instagram-InstagramUITests.debug.xcconfig */,
				FAE2889C8A8DD4A927015B2E /* Pods-Instagram-InstagramUITests.release.xcconfig */,
				634A3D4C878887E50189E79F /* Pods-InstagramTests.debug.xcconfig */,
				04DB535840E0877125F6A16E /* Pods-InstagramTests.release.xcconfig */,
			);
			path = Pods;
			sourceTree = "<group>";
		};
		CF6C0FB100BD425CD72422B2 /* Frameworks */ = {
			isa = PBXGroup;
			children = (
				F1AD2152F66C69667146DC14 /* Pods_Instagram.framework */,
				6E5DC25C8D37425F6D6FC9DB /* Pods_Instagram_InstagramUITests.framework */,
				16E15C70EE6ADD5F5BAFC56E /* Pods_InstagramTests.framework */,
			);
			name = Frameworks;
			sourceTree = "<group>";
		};
/* End PBXGroup section */

/* Begin PBXNativeTarget section */
		035BC91128F511700059B98F /* Instagram */ = {
			isa = PBXNativeTarget;
			buildConfigurationList = 035BC93C28F511740059B98F /* Build configuration list for PBXNativeTarget "Instagram" */;
			buildPhases = (
				1D0BF2716C78F141990D3231 /* [CP] Check Pods Manifest.lock */,
				035BC90E28F511700059B98F /* Sources */,
				035BC90F28F511700059B98F /* Frameworks */,
				035BC91028F511700059B98F /* Resources */,
				CC9C56A0872C4CC27B7D8218 /* [CP] Embed Pods Frameworks */,
			);
			buildRules = (
			);
			dependencies = (
			);
			name = Instagram;
			productName = Instagram;
			productReference = 035BC91228F511700059B98F /* Instagram.app */;
			productType = "com.apple.product-type.application";
		};
		035BC92728F511740059B98F /* InstagramTests */ = {
			isa = PBXNativeTarget;
			buildConfigurationList = 035BC93F28F511740059B98F /* Build configuration list for PBXNativeTarget "InstagramTests" */;
			buildPhases = (
				37A2208CDE680E49BBE1517A /* [CP] Check Pods Manifest.lock */,
				035BC92428F511740059B98F /* Sources */,
				035BC92528F511740059B98F /* Frameworks */,
				035BC92628F511740059B98F /* Resources */,
			);
			buildRules = (
			);
			dependencies = (
				035BC92A28F511740059B98F /* PBXTargetDependency */,
			);
			name = InstagramTests;
			productName = InstagramTests;
			productReference = 035BC92828F511740059B98F /* InstagramTests.xctest */;
			productType = "com.apple.product-type.bundle.unit-test";
		};
		035BC93128F511740059B98F /* InstagramUITests */ = {
			isa = PBXNativeTarget;
			buildConfigurationList = 035BC94228F511740059B98F /* Build configuration list for PBXNativeTarget "InstagramUITests" */;
			buildPhases = (
				FCDAFBE45B70CD94975B5450 /* [CP] Check Pods Manifest.lock */,
				035BC92E28F511740059B98F /* Sources */,
				035BC92F28F511740059B98F /* Frameworks */,
				035BC93028F511740059B98F /* Resources */,
				73FE75AD513A9322FD81A585 /* [CP] Embed Pods Frameworks */,
			);
			buildRules = (
			);
			dependencies = (
				035BC93428F511740059B98F /* PBXTargetDependency */,
			);
			name = InstagramUITests;
			productName = InstagramUITests;
			productReference = 035BC93228F511740059B98F /* InstagramUITests.xctest */;
			productType = "com.apple.product-type.bundle.ui-testing";
		};
/* End PBXNativeTarget section */

/* Begin PBXProject section */
		035BC90A28F511700059B98F /* Project object */ = {
			isa = PBXProject;
			attributes = {
				BuildIndependentTargetsInParallel = 1;
				LastSwiftUpdateCheck = 1340;
				LastUpgradeCheck = 1340;
				TargetAttributes = {
					035BC91128F511700059B98F = {
						CreatedOnToolsVersion = 13.4.1;
					};
					035BC92728F511740059B98F = {
						CreatedOnToolsVersion = 13.4.1;
						TestTargetID = 035BC91128F511700059B98F;
					};
					035BC93128F511740059B98F = {
						CreatedOnToolsVersion = 13.4.1;
						TestTargetID = 035BC91128F511700059B98F;
					};
				};
			};
			buildConfigurationList = 035BC90D28F511700059B98F /* Build configuration list for PBXProject "Instagram" */;
			compatibilityVersion = "Xcode 13.0";
			developmentRegion = en;
			hasScannedForEncodings = 0;
			knownRegions = (
				en,
				Base,
			);
			mainGroup = 035BC90928F511700059B98F;
			packageReferences = (
				035BC94928F51BDF0059B98F /* XCRemoteSwiftPackageReference "swift-argument-parser" */,
			);
			productRefGroup = 035BC91328F511700059B98F /* Products */;
			projectDirPath = "";
			projectRoot = "";
			targets = (
				035BC91128F511700059B98F /* Instagram */,
				035BC92728F511740059B98F /* InstagramTests */,
				035BC93128F511740059B98F /* InstagramUITests */,
			);
		};
/* End PBXProject section */

/* Begin PBXResourcesBuildPhase section */
		035BC91028F511700059B98F /* Resources */ = {
			isa = PBXResourcesBuildPhase;
			buildActionMask = 2147483647;
			files = (
				035BC92228F511740059B98F /* LaunchScreen.storyboard in Resources */,
				035BC91F28F511740059B98F /* Assets.xcassets in Resources */,
				035BC91D28F511700059B98F /* Main.storyboard in Resources */,
			);
			runOnlyForDeploymentPostprocessing = 0;
		};
		035BC92628F511740059B98F /* Resources */ = {
			isa = PBXResourcesBuildPhase;
			buildActionMask = 2147483647;
			files = (
			);
			runOnlyForDeploymentPostprocessing = 0;
		};
		035BC93028F511740059B98F /* Resources */ = {
			isa = PBXResourcesBuildPhase;
			buildActionMask = 2147483647;
			files = (
			);
			runOnlyForDeploymentPostprocessing = 0;
		};
/* End PBXResourcesBuildPhase section */

/* Begin PBXShellScriptBuildPhase section */
		1D0BF2716C78F141990D3231 /* [CP] Check Pods Manifest.lock */ = {
			isa = PBXShellScriptBuildPhase;
			buildActionMask = 2147483647;
			files = (
			);
			inputFileListPaths = (
			);
			inputPaths = (
				"${PODS_PODFILE_DIR_PATH}/Podfile.lock",
				"${PODS_ROOT}/Manifest.lock",
			);
			name = "[CP] Check Pods Manifest.lock";
			outputFileListPaths = (
			);
			outputPaths = (
				"$(DERIVED_FILE_DIR)/Pods-Instagram-checkManifestLockResult.txt",
			);
			runOnlyForDeploymentPostprocessing = 0;
			shellPath = /bin/sh;
			shellScript = "diff \"${PODS_PODFILE_DIR_PATH}/Podfile.lock\" \"${PODS_ROOT}/Manifest.lock\" > /dev/null\nif [ $? != 0 ] ; then\n    # print error to STDERR\n    echo \"error: The sandbox is not in sync with the Podfile.lock. Run 'pod install' or update your CocoaPods installation.\" >&2\n    exit 1\nfi\n# This output is used by Xcode 'outputs' to avoid re-running this script phase.\necho \"SUCCESS\" > \"${SCRIPT_OUTPUT_FILE_0}\"\n";
			showEnvVarsInLog = 0;
		};
		37A2208CDE680E49BBE1517A /* [CP] Check Pods Manifest.lock */ = {
			isa = PBXShellScriptBuildPhase;
			buildActionMask = 2147483647;
			files = (
			);
			inputFileListPaths = (
			);
			inputPaths = (
				"${PODS_PODFILE_DIR_PATH}/Podfile.lock",
				"${PODS_ROOT}/Manifest.lock",
			);
			name = "[CP] Check Pods Manifest.lock";
			outputFileListPaths = (
			);
			outputPaths = (
				"$(DERIVED_FILE_DIR)/Pods-InstagramTests-checkManifestLockResult.txt",
			);
			runOnlyForDeploymentPostprocessing = 0;
			shellPath = /bin/sh;
			shellScript = "diff \"${PODS_PODFILE_DIR_PATH}/Podfile.lock\" \"${PODS_ROOT}/Manifest.lock\" > /dev/null\nif [ $? != 0 ] ; then\n    # print error to STDERR\n    echo \"error: The sandbox is not in sync with the Podfile.lock. Run 'pod install' or update your CocoaPods installation.\" >&2\n    exit 1\nfi\n# This output is used by Xcode 'outputs' to avoid re-running this script phase.\necho \"SUCCESS\" > \"${SCRIPT_OUTPUT_FILE_0}\"\n";
			showEnvVarsInLog = 0;
		};
		73FE75AD513A9322FD81A585 /* [CP] Embed Pods Frameworks */ = {
			isa = PBXShellScriptBuildPhase;
			buildActionMask = 2147483647;
			files = (
			);
			inputFileListPaths = (
				"${PODS_ROOT}/Target Support Files/Pods-Instagram-InstagramUITests/Pods-Instagram-InstagramUITests-frameworks-${CONFIGURATION}-input-files.xcfilelist",
			);
			name = "[CP] Embed Pods Frameworks";
			outputFileListPaths = (
				"${PODS_ROOT}/Target Support Files/Pods-Instagram-InstagramUITests/Pods-Instagram-InstagramUITests-frameworks-${CONFIGURATION}-output-files.xcfilelist",
			);
			runOnlyForDeploymentPostprocessing = 0;
			shellPath = /bin/sh;
			shellScript = "\"${PODS_ROOT}/Target Support Files/Pods-Instagram-InstagramUITests/Pods-Instagram-InstagramUITests-frameworks.sh\"\n";
			showEnvVarsInLog = 0;
		};
		CC9C56A0872C4CC27B7D8218 /* [CP] Embed Pods Frameworks */ = {
			isa = PBXShellScriptBuildPhase;
			buildActionMask = 2147483647;
			files = (
			);
			inputFileListPaths = (
				"${PODS_ROOT}/Target Support Files/Pods-Instagram/Pods-Instagram-frameworks-${CONFIGURATION}-input-files.xcfilelist",
			);
			name = "[CP] Embed Pods Frameworks";
			outputFileListPaths = (
				"${PODS_ROOT}/Target Support Files/Pods-Instagram/Pods-Instagram-frameworks-${CONFIGURATION}-output-files.xcfilelist",
			);
			runOnlyForDeploymentPostprocessing = 0;
			shellPath = /bin/sh;
			shellScript = "\"${PODS_ROOT}/Target Support Files/Pods-Instagram/Pods-Instagram-frameworks.sh\"\n";
			showEnvVarsInLog = 0;
		};
		FCDAFBE45B70CD94975B5450 /* [CP] Check Pods Manifest.lock */ = {
			isa = PBXShellScriptBuildPhase;
			buildActionMask = 2147483647;
			files = (
			);
			inputFileListPaths = (
			);
			inputPaths = (
				"${PODS_PODFILE_DIR_PATH}/Podfile.lock",
				"${PODS_ROOT}/Manifest.lock",
			);
			name = "[CP] Check Pods Manifest.lock";
			outputFileListPaths = (
			);
			outputPaths = (
				"$(DERIVED_FILE_DIR)/Pods-Instagram-InstagramUITests-checkManifestLockResult.txt",
			);
			runOnlyForDeploymentPostprocessing = 0;
			shellPath = /bin/sh;
			shellScript = "diff \"${PODS_PODFILE_DIR_PATH}/Podfile.lock\" \"${PODS_ROOT}/Manifest.lock\" > /dev/null\nif [ $? != 0 ] ; then\n    # print error to STDERR\n    echo \"error: The sandbox is not in sync with the Podfile.lock. Run 'pod install' or update your CocoaPods installation.\" >&2\n    exit 1\nfi\n# This output is used by Xcode 'outputs' to avoid re-running this script phase.\necho \"SUCCESS\" > \"${SCRIPT_OUTPUT_FILE_0}\"\n";
			showEnvVarsInLog = 0;
		};
/* End PBXShellScriptBuildPhase section */

/* Begin PBXSourcesBuildPhase section */
		035BC90E28F511700059B98F /* Sources */ = {
			isa = PBXSourcesBuildPhase;
			buildActionMask = 2147483647;
			files = (
				035BC94628F5189C0059B98F /* LoginViewController.swift in Sources */,
				035BC94B28F5CB0D0059B98F /* CameraViewController.swift in Sources */,
				035BC91628F511700059B98F /* AppDelegate.swift in Sources */,
				035BC94828F518B40059B98F /* FeedViewController.swift in Sources */,
				035BC91828F511700059B98F /* SceneDelegate.swift in Sources */,
				035BC94F28F5D9110059B98F /* PostCell.swift in Sources */,
				03FD2A6B28FB13B400C320D3 /* CommentCell.swift in Sources */,
			);
			runOnlyForDeploymentPostprocessing = 0;
		};
		035BC92428F511740059B98F /* Sources */ = {
			isa = PBXSourcesBuildPhase;
			buildActionMask = 2147483647;
			files = (
				035BC92D28F511740059B98F /* InstagramTests.swift in Sources */,
			);
			runOnlyForDeploymentPostprocessing = 0;
		};
		035BC92E28F511740059B98F /* Sources */ = {
			isa = PBXSourcesBuildPhase;
			buildActionMask = 2147483647;
			files = (
				035BC93728F511740059B98F /* InstagramUITests.swift in Sources */,
				035BC93928F511740059B98F /* InstagramUITestsLaunchTests.swift in Sources */,
			);
			runOnlyForDeploymentPostprocessing = 0;
		};
/* End PBXSourcesBuildPhase section */

/* Begin PBXTargetDependency section */
		035BC92A28F511740059B98F /* PBXTargetDependency */ = {
			isa = PBXTargetDependency;
			target = 035BC91128F511700059B98F /* Instagram */;
			targetProxy = 035BC92928F511740059B98F /* PBXContainerItemProxy */;
		};
		035BC93428F511740059B98F /* PBXTargetDependency */ = {
			isa = PBXTargetDependency;
			target = 035BC91128F511700059B98F /* Instagram */;
			targetProxy = 035BC93328F511740059B98F /* PBXContainerItemProxy */;
		};
/* End PBXTargetDependency section */

/* Begin PBXVariantGroup section */
		035BC91B28F511700059B98F /* Main.storyboard */ = {
			isa = PBXVariantGroup;
			children = (
				035BC91C28F511700059B98F /* Base */,
			);
			name = Main.storyboard;
			sourceTree = "<group>";
		};
		035BC92028F511740059B98F /* LaunchScreen.storyboard */ = {
			isa = PBXVariantGroup;
			children = (
				035BC92128F511740059B98F /* Base */,
			);
			name = LaunchScreen.storyboard;
			sourceTree = "<group>";
		};
/* End PBXVariantGroup section */

/* Begin XCBuildConfiguration section */
		035BC93A28F511740059B98F /* Debug */ = {
			isa = XCBuildConfiguration;
			buildSettings = {
				ALWAYS_SEARCH_USER_PATHS = NO;
				CLANG_ANALYZER_NONNULL = YES;
				CLANG_ANALYZER_NUMBER_OBJECT_CONVERSION = YES_AGGRESSIVE;
				CLANG_CXX_LANGUAGE_STANDARD = "gnu++17";
				CLANG_ENABLE_MODULES = YES;
				CLANG_ENABLE_OBJC_ARC = YES;
				CLANG_ENABLE_OBJC_WEAK = YES;
				CLANG_WARN_BLOCK_CAPTURE_AUTORELEASING = YES;
				CLANG_WARN_BOOL_CONVERSION = YES;
				CLANG_WARN_COMMA = YES;
				CLANG_WARN_CONSTANT_CONVERSION = YES;
				CLANG_WARN_DEPRECATED_OBJC_IMPLEMENTATIONS = YES;
				CLANG_WARN_DIRECT_OBJC_ISA_USAGE = YES_ERROR;
				CLANG_WARN_DOCUMENTATION_COMMENTS = YES;
				CLANG_WARN_EMPTY_BODY = YES;
				CLANG_WARN_ENUM_CONVERSION = YES;
				CLANG_WARN_INFINITE_RECURSION = YES;
				CLANG_WARN_INT_CONVERSION = YES;
				CLANG_WARN_NON_LITERAL_NULL_CONVERSION = YES;
				CLANG_WARN_OBJC_IMPLICIT_RETAIN_SELF = YES;
				CLANG_WARN_OBJC_LITERAL_CONVERSION = YES;
				CLANG_WARN_OBJC_ROOT_CLASS = YES_ERROR;
				CLANG_WARN_QUOTED_INCLUDE_IN_FRAMEWORK_HEADER = YES;
				CLANG_WARN_RANGE_LOOP_ANALYSIS = YES;
				CLANG_WARN_STRICT_PROTOTYPES = YES;
				CLANG_WARN_SUSPICIOUS_MOVE = YES;
				CLANG_WARN_UNGUARDED_AVAILABILITY = YES_AGGRESSIVE;
				CLANG_WARN_UNREACHABLE_CODE = YES;
				CLANG_WARN__DUPLICATE_METHOD_MATCH = YES;
				COPY_PHASE_STRIP = NO;
				DEBUG_INFORMATION_FORMAT = dwarf;
				ENABLE_STRICT_OBJC_MSGSEND = YES;
				ENABLE_TESTABILITY = YES;
				GCC_C_LANGUAGE_STANDARD = gnu11;
				GCC_DYNAMIC_NO_PIC = NO;
				GCC_NO_COMMON_BLOCKS = YES;
				GCC_OPTIMIZATION_LEVEL = 0;
				GCC_PREPROCESSOR_DEFINITIONS = (
					"DEBUG=1",
					"$(inherited)",
				);
				GCC_WARN_64_TO_32_BIT_CONVERSION = YES;
				GCC_WARN_ABOUT_RETURN_TYPE = YES_ERROR;
				GCC_WARN_UNDECLARED_SELECTOR = YES;
				GCC_WARN_UNINITIALIZED_AUTOS = YES_AGGRESSIVE;
				GCC_WARN_UNUSED_FUNCTION = YES;
				GCC_WARN_UNUSED_VARIABLE = YES;
				IPHONEOS_DEPLOYMENT_TARGET = 15.5;
				MTL_ENABLE_DEBUG_INFO = INCLUDE_SOURCE;
				MTL_FAST_MATH = YES;
				ONLY_ACTIVE_ARCH = YES;
				SDKROOT = iphoneos;
				SWIFT_ACTIVE_COMPILATION_CONDITIONS = DEBUG;
				SWIFT_OPTIMIZATION_LEVEL = "-Onone";
			};
			name = Debug;
		};
		035BC93B28F511740059B98F /* Release */ = {
			isa = XCBuildConfiguration;
			buildSettings = {
				ALWAYS_SEARCH_USER_PATHS = NO;
				CLANG_ANALYZER_NONNULL = YES;
				CLANG_ANALYZER_NUMBER_OBJECT_CONVERSION = YES_AGGRESSIVE;
				CLANG_CXX_LANGUAGE_STANDARD = "gnu++17";
				CLANG_ENABLE_MODULES = YES;
				CLANG_ENABLE_OBJC_ARC = YES;
				CLANG_ENABLE_OBJC_WEAK = YES;
				CLANG_WARN_BLOCK_CAPTURE_AUTORELEASING = YES;
				CLANG_WARN_BOOL_CONVERSION = YES;
				CLANG_WARN_COMMA = YES;
				CLANG_WARN_CONSTANT_CONVERSION = YES;
				CLANG_WARN_DEPRECATED_OBJC_IMPLEMENTATIONS = YES;
				CLANG_WARN_DIRECT_OBJC_ISA_USAGE = YES_ERROR;
				CLANG_WARN_DOCUMENTATION_COMMENTS = YES;
				CLANG_WARN_EMPTY_BODY = YES;
				CLANG_WARN_ENUM_CONVERSION = YES;
				CLANG_WARN_INFINITE_RECURSION = YES;
				CLANG_WARN_INT_CONVERSION = YES;
				CLANG_WARN_NON_LITERAL_NULL_CONVERSION = YES;
				CLANG_WARN_OBJC_IMPLICIT_RETAIN_SELF = YES;
				CLANG_WARN_OBJC_LITERAL_CONVERSION = YES;
				CLANG_WARN_OBJC_ROOT_CLASS = YES_ERROR;
				CLANG_WARN_QUOTED_INCLUDE_IN_FRAMEWORK_HEADER = YES;
				CLANG_WARN_RANGE_LOOP_ANALYSIS = YES;
				CLANG_WARN_STRICT_PROTOTYPES = YES;
				CLANG_WARN_SUSPICIOUS_MOVE = YES;
				CLANG_WARN_UNGUARDED_AVAILABILITY = YES_AGGRESSIVE;
				CLANG_WARN_UNREACHABLE_CODE = YES;
				CLANG_WARN__DUPLICATE_METHOD_MATCH = YES;
				COPY_PHASE_STRIP = NO;
				DEBUG_INFORMATION_FORMAT = "dwarf-with-dsym";
				ENABLE_NS_ASSERTIONS = NO;
				ENABLE_STRICT_OBJC_MSGSEND = YES;
				GCC_C_LANGUAGE_STANDARD = gnu11;
				GCC_NO_COMMON_BLOCKS = YES;
				GCC_WARN_64_TO_32_BIT_CONVERSION = YES;
				GCC_WARN_ABOUT_RETURN_TYPE = YES_ERROR;
				GCC_WARN_UNDECLARED_SELECTOR = YES;
				GCC_WARN_UNINITIALIZED_AUTOS = YES_AGGRESSIVE;
				GCC_WARN_UNUSED_FUNCTION = YES;
				GCC_WARN_UNUSED_VARIABLE = YES;
				IPHONEOS_DEPLOYMENT_TARGET = 15.5;
				MTL_ENABLE_DEBUG_INFO = NO;
				MTL_FAST_MATH = YES;
				SDKROOT = iphoneos;
				SWIFT_COMPILATION_MODE = wholemodule;
				SWIFT_OPTIMIZATION_LEVEL = "-O";
				VALIDATE_PRODUCT = YES;
			};
			name = Release;
		};
		035BC93D28F511740059B98F /* Debug */ = {
			isa = XCBuildConfiguration;
			baseConfigurationReference = 93244467006DC4515ADCAD0B /* Pods-Instagram.debug.xcconfig */;
			buildSettings = {
				ASSETCATALOG_COMPILER_APPICON_NAME = AppIcon;
				ASSETCATALOG_COMPILER_GLOBAL_ACCENT_COLOR_NAME = AccentColor;
				CODE_SIGN_STYLE = Automatic;
				CURRENT_PROJECT_VERSION = 1;
				GENERATE_INFOPLIST_FILE = YES;
				INFOPLIST_FILE = Instagram/Info.plist;
				INFOPLIST_KEY_UIApplicationSupportsIndirectInputEvents = YES;
				INFOPLIST_KEY_UILaunchStoryboardName = LaunchScreen;
				INFOPLIST_KEY_UIMainStoryboardFile = Main;
				INFOPLIST_KEY_UISupportedInterfaceOrientations_iPad = "UIInterfaceOrientationPortrait UIInterfaceOrientationPortraitUpsideDown UIInterfaceOrientationLandscapeLeft UIInterfaceOrientationLandscapeRight";
				INFOPLIST_KEY_UISupportedInterfaceOrientations_iPhone = "UIInterfaceOrientationPortrait UIInterfaceOrientationLandscapeLeft UIInterfaceOrientationLandscapeRight";
				LD_RUNPATH_SEARCH_PATHS = (
					"$(inherited)",
					"@executable_path/Frameworks",
				);
				MARKETING_VERSION = 1.0;
				PRODUCT_BUNDLE_IDENTIFIER = ios.rw.fiu.edu.Instagram;
				PRODUCT_NAME = "$(TARGET_NAME)";
				SWIFT_EMIT_LOC_STRINGS = YES;
				SWIFT_VERSION = 5.0;
				TARGETED_DEVICE_FAMILY = "1,2";
			};
			name = Debug;
		};
		035BC93E28F511740059B98F /* Release */ = {
			isa = XCBuildConfiguration;
			baseConfigurationReference = 8E8C4F21E666D4154F9CBDD9 /* Pods-Instagram.release.xcconfig */;
			buildSettings = {
				ASSETCATALOG_COMPILER_APPICON_NAME = AppIcon;
				ASSETCATALOG_COMPILER_GLOBAL_ACCENT_COLOR_NAME = AccentColor;
				CODE_SIGN_STYLE = Automatic;
				CURRENT_PROJECT_VERSION = 1;
				GENERATE_INFOPLIST_FILE = YES;
				INFOPLIST_FILE = Instagram/Info.plist;
				INFOPLIST_KEY_UIApplicationSupportsIndirectInputEvents = YES;
				INFOPLIST_KEY_UILaunchStoryboardName = LaunchScreen;
				INFOPLIST_KEY_UIMainStoryboardFile = Main;
				INFOPLIST_KEY_UISupportedInterfaceOrientations_iPad = "UIInterfaceOrientationPortrait UIInterfaceOrientationPortraitUpsideDown UIInterfaceOrientationLandscapeLeft UIInterfaceOrientationLandscapeRight";
				INFOPLIST_KEY_UISupportedInterfaceOrientations_iPhone = "UIInterfaceOrientationPortrait UIInterfaceOrientationLandscapeLeft UIInterfaceOrientationLandscapeRight";
				LD_RUNPATH_SEARCH_PATHS = (
					"$(inherited)",
					"@executable_path/Frameworks",
				);
				MARKETING_VERSION = 1.0;
				PRODUCT_BUNDLE_IDENTIFIER = ios.rw.fiu.edu.Instagram;
				PRODUCT_NAME = "$(TARGET_NAME)";
				SWIFT_EMIT_LOC_STRINGS = YES;
				SWIFT_VERSION = 5.0;
				TARGETED_DEVICE_FAMILY = "1,2";
			};
			name = Release;
		};
		035BC94028F511740059B98F /* Debug */ = {
			isa = XCBuildConfiguration;
			baseConfigurationReference = 634A3D4C878887E50189E79F /* Pods-InstagramTests.debug.xcconfig */;
			buildSettings = {
				ALWAYS_EMBED_SWIFT_STANDARD_LIBRARIES = YES;
				BUNDLE_LOADER = "$(TEST_HOST)";
				CODE_SIGN_STYLE = Automatic;
				CURRENT_PROJECT_VERSION = 1;
				GENERATE_INFOPLIST_FILE = YES;
				IPHONEOS_DEPLOYMENT_TARGET = 15.5;
				MARKETING_VERSION = 1.0;
				PRODUCT_BUNDLE_IDENTIFIER = ios.rw.fiu.edu.InstagramTests;
				PRODUCT_NAME = "$(TARGET_NAME)";
				SWIFT_EMIT_LOC_STRINGS = NO;
				SWIFT_VERSION = 5.0;
				TARGETED_DEVICE_FAMILY = "1,2";
				TEST_HOST = "$(BUILT_PRODUCTS_DIR)/Instagram.app/Instagram";
			};
			name = Debug;
		};
		035BC94128F511740059B98F /* Release */ = {
			isa = XCBuildConfiguration;
			baseConfigurationReference = 04DB535840E0877125F6A16E /* Pods-InstagramTests.release.xcconfig */;
			buildSettings = {
				ALWAYS_EMBED_SWIFT_STANDARD_LIBRARIES = YES;
				BUNDLE_LOADER = "$(TEST_HOST)";
				CODE_SIGN_STYLE = Automatic;
				CURRENT_PROJECT_VERSION = 1;
				GENERATE_INFOPLIST_FILE = YES;
				IPHONEOS_DEPLOYMENT_TARGET = 15.5;
				MARKETING_VERSION = 1.0;
				PRODUCT_BUNDLE_IDENTIFIER = ios.rw.fiu.edu.InstagramTests;
				PRODUCT_NAME = "$(TARGET_NAME)";
				SWIFT_EMIT_LOC_STRINGS = NO;
				SWIFT_VERSION = 5.0;
				TARGETED_DEVICE_FAMILY = "1,2";
				TEST_HOST = "$(BUILT_PRODUCTS_DIR)/Instagram.app/Instagram";
			};
			name = Release;
		};
		035BC94328F511740059B98F /* Debug */ = {
			isa = XCBuildConfiguration;
			baseConfigurationReference = DE6CC5D093D95D2C7C20432B /* Pods-Instagram-InstagramUITests.debug.xcconfig */;
			buildSettings = {
				ALWAYS_EMBED_SWIFT_STANDARD_LIBRARIES = YES;
				CODE_SIGN_STYLE = Automatic;
				CURRENT_PROJECT_VERSION = 1;
				GENERATE_INFOPLIST_FILE = YES;
				MARKETING_VERSION = 1.0;
				PRODUCT_BUNDLE_IDENTIFIER = ios.rw.fiu.edu.InstagramUITests;
				PRODUCT_NAME = "$(TARGET_NAME)";
				SWIFT_EMIT_LOC_STRINGS = NO;
				SWIFT_VERSION = 5.0;
				TARGETED_DEVICE_FAMILY = "1,2";
				TEST_TARGET_NAME = Instagram;
			};
			name = Debug;
		};
		035BC94428F511740059B98F /* Release */ = {
			isa = XCBuildConfiguration;
			baseConfigurationReference = FAE2889C8A8DD4A927015B2E /* Pods-Instagram-InstagramUITests.release.xcconfig */;
			buildSettings = {
				ALWAYS_EMBED_SWIFT_STANDARD_LIBRARIES = YES;
				CODE_SIGN_STYLE = Automatic;
				CURRENT_PROJECT_VERSION = 1;
				GENERATE_INFOPLIST_FILE = YES;
				MARKETING_VERSION = 1.0;
				PRODUCT_BUNDLE_IDENTIFIER = ios.rw.fiu.edu.InstagramUITests;
				PRODUCT_NAME = "$(TARGET_NAME)";
				SWIFT_EMIT_LOC_STRINGS = NO;
				SWIFT_VERSION = 5.0;
				TARGETED_DEVICE_FAMILY = "1,2";
				TEST_TARGET_NAME = Instagram;
			};
			name = Release;
		};
/* End XCBuildConfiguration section */

/* Begin XCConfigurationList section */
		035BC90D28F511700059B98F /* Build configuration list for PBXProject "Instagram" */ = {
			isa = XCConfigurationList;
			buildConfigurations = (
				035BC93A28F511740059B98F /* Debug */,
				035BC93B28F511740059B98F /* Release */,
			);
			defaultConfigurationIsVisible = 0;
			defaultConfigurationName = Release;
		};
		035BC93C28F511740059B98F /* Build configuration list for PBXNativeTarget "Instagram" */ = {
			isa = XCConfigurationList;
			buildConfigurations = (
				035BC93D28F511740059B98F /* Debug */,
				035BC93E28F511740059B98F /* Release */,
			);
			defaultConfigurationIsVisible = 0;
			defaultConfigurationName = Release;
		};
		035BC93F28F511740059B98F /* Build configuration list for PBXNativeTarget "InstagramTests" */ = {
			isa = XCConfigurationList;
			buildConfigurations = (
				035BC94028F511740059B98F /* Debug */,
				035BC94128F511740059B98F /* Release */,
			);
			defaultConfigurationIsVisible = 0;
			defaultConfigurationName = Release;
		};
		035BC94228F511740059B98F /* Build configuration list for PBXNativeTarget "InstagramUITests" */ = {
			isa = XCConfigurationList;
			buildConfigurations = (
				035BC94328F511740059B98F /* Debug */,
				035BC94428F511740059B98F /* Release */,
			);
			defaultConfigurationIsVisible = 0;
			defaultConfigurationName = Release;
		};
/* End XCConfigurationList section */

/* Begin XCRemoteSwiftPackageReference section */
		035BC94928F51BDF0059B98F /* XCRemoteSwiftPackageReference "swift-argument-parser" */ = {
			isa = XCRemoteSwiftPackageReference;
			repositoryURL = "https://github.com/apple/swift-argument-parser.git";
			requirement = {
				kind = upToNextMajorVersion;
				minimumVersion = 1.0.0;
			};
		};
/* End XCRemoteSwiftPackageReference section */
	};
	rootObject = 035BC90A28F511700059B98F /* Project object */;
}
